
Microsoft Visual Studio Solution File, Format Version 12.00
# Visual Studio Version 17
VisualStudioVersion = 17.9.34622.214
MinimumVisualStudioVersion = 10.0.40219.1
Project("{FAE04EC0-301F-11D3-BF4B-00C04F79EFBC}") = "Store.Api", "Store.Api\Store.Api.csproj", "{380F48E8-E4CA-4C1F-AD89-83389A8038BE}"
EndProject
Global
	GlobalSection(SolutionConfigurationPlatforms) = preSolution
		Debug|Any CPU = Debug|Any CPU
		Release|Any CPU = Release|Any CPU
	EndGlobalSection
	GlobalSection(ProjectConfigurationPlatforms) = postSolution
		{380F48E8-E4CA-4C1F-AD89-83389A8038BE}.Debug|Any CPU.ActiveCfg = Debug|Any CPU
		{380F48E8-E4CA-4C1F-AD89-83389A8038BE}.Debug|Any CPU.Build.0 = Debug|Any CPU
		{380F48E8-E4CA-4C1F-AD89-83389A8038BE}.Release|Any CPU.ActiveCfg = Release|Any CPU
		{380F48E8-E4CA-4C1F-AD89-83389A8038BE}.Release|Any CPU.Build.0 = Release|Any CPU
	EndGlobalSection
	GlobalSection(SolutionProperties) = preSolution
		HideSolutionNode = FALSE
	EndGlobalSection
	GlobalSection(ExtensibilityGlobals) = postSolution
		SolutionGuid = {42B63658-E249-47B8-8431-AE8C2F38A0AF}
	EndGlobalSection
EndGlobal
